
Microsoft Visual Studio Solution File, Format Version 12.00
# Visual Studio Version 16
VisualStudioVersion = 16.0.31105.61
MinimumVisualStudioVersion = 10.0.40219.1
Project("{8BC9CEB8-8B4A-11D0-8D11-00A0C91BC942}") = "MathCoding", "MathCoding\MathCoding.vcxproj", "{E291EC22-F2CA-42F1-8D2B-59A76263E133}"
EndProject
Global
	GlobalSection(SolutionConfigurationPlatforms) = preSolution
		Debug|x64 = Debug|x64
		Debug|x86 = Debug|x86
		Release|x64 = Release|x64
		Release|x86 = Release|x86
	EndGlobalSection
	GlobalSection(ProjectConfigurationPlatforms) = postSolution
		{E291EC22-F2CA-42F1-8D2B-59A76263E133}.Debug|x64.ActiveCfg = Debug|x64
		{E291EC22-F2CA-42F1-8D2B-59A76263E133}.Debug|x64.Build.0 = Debug|x64
		{E291EC22-F2CA-42F1-8D2B-59A76263E133}.Debug|x86.ActiveCfg = Debug|Win32
		{E291EC22-F2CA-42F1-8D2B-59A76263E133}.Debug|x86.Build.0 = Debug|Win32
		{E291EC22-F2CA-42F1-8D2B-59A76263E133}.Release|x64.ActiveCfg = Release|x64
		{E291EC22-F2CA-42F1-8D2B-59A76263E133}.Release|x64.Build.0 = Release|x64
		{E291EC22-F2CA-42F1-8D2B-59A76263E133}.Release|x86.ActiveCfg = Release|Win32
		{E291EC22-F2CA-42F1-8D2B-59A76263E133}.Release|x86.Build.0 = Release|Win32
	EndGlobalSection
	GlobalSection(SolutionProperties) = preSolution
		HideSolutionNode = FALSE
	EndGlobalSection
	GlobalSection(ExtensibilityGlobals) = postSolution
		SolutionGuid = {36663C7C-20BB-4815-A8D1-8F385950274F}
	EndGlobalSection
EndGlobal
